// !$*UTF8*$!
{
	archiveVersion = 1;
	classes = {
	};
	objectVersion = 46;
	objects = {

/* Begin PBXBuildFile section */
		AD392EEC1764838A00D38E22 /* Tools.m in Sources */ = {isa = PBXBuildFile; fileRef = AD392EEB1764838A00D38E22 /* Tools.m */; };
		AD392EF01764C0DB00D38E22 /* CountDownDelegate.m in Sources */ = {isa = PBXBuildFile; fileRef = AD392EEF1764C0DB00D38E22 /* CountDownDelegate.m */; };
		AD4B0B60178CF17500569D0C /* delete.png in Resources */ = {isa = PBXBuildFile; fileRef = AD4B0B5F178CF17500569D0C /* delete.png */; };
		AD746251178B830300090DD3 /* no_picture.png in Resources */ = {isa = PBXBuildFile; fileRef = AD746250178B830300090DD3 /* no_picture.png */; };
		AD746254178B8A1B00090DD3 /* TextViewController.m in Sources */ = {isa = PBXBuildFile; fileRef = AD746253178B8A1B00090DD3 /* TextViewController.m */; };
		AD75507D175E348600FBD43C /* UIKit.framework in Frameworks */ = {isa = PBXBuildFile; fileRef = AD75507C175E348600FBD43C /* UIKit.framework */; };
		AD75507F175E348600FBD43C /* Foundation.framework in Frameworks */ = {isa = PBXBuildFile; fileRef = AD75507E175E348600FBD43C /* Foundation.framework */; };
		AD755081175E348600FBD43C /* CoreGraphics.framework in Frameworks */ = {isa = PBXBuildFile; fileRef = AD755080175E348600FBD43C /* CoreGraphics.framework */; };
		AD755087175E348600FBD43C /* InfoPlist.strings in Resources */ = {isa = PBXBuildFile; fileRef = AD755085175E348600FBD43C /* InfoPlist.strings */; };
		AD755089175E348600FBD43C /* main.m in Sources */ = {isa = PBXBuildFile; fileRef = AD755088175E348600FBD43C /* main.m */; };
		AD75508D175E348600FBD43C /* AppDelegate.m in Sources */ = {isa = PBXBuildFile; fileRef = AD75508C175E348600FBD43C /* AppDelegate.m */; };
		AD75508F175E348600FBD43C /* Default.png in Resources */ = {isa = PBXBuildFile; fileRef = AD75508E175E348600FBD43C /* Default.png */; };
		AD755091175E348600FBD43C /* Default@2x.png in Resources */ = {isa = PBXBuildFile; fileRef = AD755090175E348600FBD43C /* Default@2x.png */; };
		AD755093175E348600FBD43C /* Default-568h@2x.png in Resources */ = {isa = PBXBuildFile; fileRef = AD755092175E348600FBD43C /* Default-568h@2x.png */; };
		AD755096175E348600FBD43C /* MainStoryboard.storyboard in Resources */ = {isa = PBXBuildFile; fileRef = AD755094175E348600FBD43C /* MainStoryboard.storyboard */; };
		AD7550B4175E3C7700FBD43C /* Cocktails.png in Resources */ = {isa = PBXBuildFile; fileRef = AD7550B2175E3C7700FBD43C /* Cocktails.png */; };
		AD7550B5175E3C7700FBD43C /* Cocktails@2X.png in Resources */ = {isa = PBXBuildFile; fileRef = AD7550B3175E3C7700FBD43C /* Cocktails@2X.png */; };
		AD7550B8175E3FE400FBD43C /* Favorite.png in Resources */ = {isa = PBXBuildFile; fileRef = AD7550B6175E3FE400FBD43C /* Favorite.png */; };
		AD7550B9175E3FE400FBD43C /* Favorite@2X.png in Resources */ = {isa = PBXBuildFile; fileRef = AD7550B7175E3FE400FBD43C /* Favorite@2X.png */; };
		AD7550BD175E411F00FBD43C /* CocktailOfTheDay.png in Resources */ = {isa = PBXBuildFile; fileRef = AD7550BB175E411F00FBD43C /* CocktailOfTheDay.png */; };
		AD7550BE175E411F00FBD43C /* CocktailOfTheDay@2X.png in Resources */ = {isa = PBXBuildFile; fileRef = AD7550BC175E411F00FBD43C /* CocktailOfTheDay@2X.png */; };
		AD7550C1175E440100FBD43C /* User.png in Resources */ = {isa = PBXBuildFile; fileRef = AD7550BF175E440100FBD43C /* User.png */; };
		AD7550C2175E440100FBD43C /* User@2X.png in Resources */ = {isa = PBXBuildFile; fileRef = AD7550C0175E440100FBD43C /* User@2X.png */; };
		AD7550C5175E450800FBD43C /* search.png in Resources */ = {isa = PBXBuildFile; fileRef = AD7550C3175E450800FBD43C /* search.png */; };
		AD7550C6175E450800FBD43C /* search@2X.png in Resources */ = {isa = PBXBuildFile; fileRef = AD7550C4175E450800FBD43C /* search@2X.png */; };
		ADB8C08317672CCC00369584 /* star_empty.png in Resources */ = {isa = PBXBuildFile; fileRef = ADB8C08117672CCC00369584 /* star_empty.png */; };
		ADB8C08417672CCC00369584 /* star_full.png in Resources */ = {isa = PBXBuildFile; fileRef = ADB8C08217672CCC00369584 /* star_full.png */; };
		ADBB1A5F175F7D5500B465E1 /* CocktailTableViewController.m in Sources */ = {isa = PBXBuildFile; fileRef = ADBB1A5E175F7D5500B465E1 /* CocktailTableViewController.m */; };
		ADBB1A62175F7D6F00B465E1 /* SearchTableViewController.m in Sources */ = {isa = PBXBuildFile; fileRef = ADBB1A61175F7D6F00B465E1 /* SearchTableViewController.m */; };
		ADBB1A65175F7D9900B465E1 /* FavoriteTableViewController.m in Sources */ = {isa = PBXBuildFile; fileRef = ADBB1A64175F7D9900B465E1 /* FavoriteTableViewController.m */; };
		ADBB1A6C175F84F900B465E1 /* Cocktail.m in Sources */ = {isa = PBXBuildFile; fileRef = ADBB1A6B175F84F900B465E1 /* Cocktail.m */; };
		ADBB1A6F175F86CA00B465E1 /* User.m in Sources */ = {isa = PBXBuildFile; fileRef = ADBB1A6E175F86CA00B465E1 /* User.m */; };
		ADBB1A72176087C200B465E1 /* Ingredient.m in Sources */ = {isa = PBXBuildFile; fileRef = ADBB1A71176087C200B465E1 /* Ingredient.m */; };
		ADBB1A751760921B00B465E1 /* mojito.jpg in Resources */ = {isa = PBXBuildFile; fileRef = ADBB1A741760921B00B465E1 /* mojito.jpg */; };
		ADBB1A781760BA8200B465E1 /* FilterTableViewController.m in Sources */ = {isa = PBXBuildFile; fileRef = ADBB1A771760BA8200B465E1 /* FilterTableViewController.m */; };
		ADBB1A7C1760C4F700B465E1 /* DifficultyDelegate.m in Sources */ = {isa = PBXBuildFile; fileRef = ADBB1A7B1760C4F700B465E1 /* DifficultyDelegate.m */; };
		ADBB1A7F1760C56300B465E1 /* OriginalityDelegate.m in Sources */ = {isa = PBXBuildFile; fileRef = ADBB1A7E1760C56300B465E1 /* OriginalityDelegate.m */; };
		ADBB1A821760E7AE00B465E1 /* TabBarController.m in Sources */ = {isa = PBXBuildFile; fileRef = ADBB1A811760E7AE00B465E1 /* TabBarController.m */; };
		ADBB1A8A1760F4B900B465E1 /* CocktailCell.m in Sources */ = {isa = PBXBuildFile; fileRef = ADBB1A891760F4B900B465E1 /* CocktailCell.m */; };
		ADC643F9178A104300AD463D /* CocktailsByIngredientTableViewController.m in Sources */ = {isa = PBXBuildFile; fileRef = ADC643F8178A104300AD463D /* CocktailsByIngredientTableViewController.m */; };
		ADC643FF178A3DEC00AD463D /* AddCocktailTableViewController.m in Sources */ = {isa = PBXBuildFile; fileRef = ADC643FE178A3DEC00AD463D /* AddCocktailTableViewController.m */; };
		ADC64402178A49F400AD463D /* CocktailAttributesViewController.m in Sources */ = {isa = PBXBuildFile; fileRef = ADC64401178A49F300AD463D /* CocktailAttributesViewController.m */; };
		ADCBAF1D1767792D004782EC /* RequestHandler.m in Sources */ = {isa = PBXBuildFile; fileRef = ADCBAF1C1767792C004782EC /* RequestHandler.m */; };
		ADCBAF20176779AC004782EC /* CocktailRequest.m in Sources */ = {isa = PBXBuildFile; fileRef = ADCBAF1F176779AC004782EC /* CocktailRequest.m */; };
		ADCBAF23176779D1004782EC /* IngredientRequest.m in Sources */ = {isa = PBXBuildFile; fileRef = ADCBAF22176779D1004782EC /* IngredientRequest.m */; };
		ADCD0FFD17661BC000986A7D /* account_cocktail.png in Resources */ = {isa = PBXBuildFile; fileRef = ADCD0FFC17661BC000986A7D /* account_cocktail.png */; };
		ADDDDE701788C3DB00B541B4 /* CocktailViewController.m in Sources */ = {isa = PBXBuildFile; fileRef = ADDDDE6F1788C3DB00B541B4 /* CocktailViewController.m */; };
		ADDDDE781788D43000B541B4 /* login_cocktails.png in Resources */ = {isa = PBXBuildFile; fileRef = ADDDDE771788D43000B541B4 /* login_cocktails.png */; };
		ADDDDE7B1788E0BF00B541B4 /* UserRequest.m in Sources */ = {isa = PBXBuildFile; fileRef = ADDDDE7A1788E0BF00B541B4 /* UserRequest.m */; };
		ADE8179D1765C38000D49DC7 /* LoginViewController.m in Sources */ = {isa = PBXBuildFile; fileRef = ADE8179C1765C38000D49DC7 /* LoginViewController.m */; };
		ADE817A31765C5F900D49DC7 /* LoggedViewController.m in Sources */ = {isa = PBXBuildFile; fileRef = ADE817A21765C5F900D49DC7 /* LoggedViewController.m */; };
		ADE817A61765C6BF00D49DC7 /* RegisterTableViewController.m in Sources */ = {isa = PBXBuildFile; fileRef = ADE817A51765C6BF00D49DC7 /* RegisterTableViewController.m */; };
/* End PBXBuildFile section */

/* Begin PBXFileReference section */
		AD392EEA1764838A00D38E22 /* Tools.h */ = {isa = PBXFileReference; fileEncoding = 4; lastKnownFileType = sourcecode.c.h; path = Tools.h; sourceTree = "<group>"; };
		AD392EEB1764838A00D38E22 /* Tools.m */ = {isa = PBXFileReference; fileEncoding = 4; lastKnownFileType = sourcecode.c.objc; path = Tools.m; sourceTree = "<group>"; };
		AD392EEE1764C0DB00D38E22 /* CountDownDelegate.h */ = {isa = PBXFileReference; fileEncoding = 4; lastKnownFileType = sourcecode.c.h; path = CountDownDelegate.h; sourceTree = "<group>"; };
		AD392EEF1764C0DB00D38E22 /* CountDownDelegate.m */ = {isa = PBXFileReference; fileEncoding = 4; lastKnownFileType = sourcecode.c.objc; path = CountDownDelegate.m; sourceTree = "<group>"; };
		AD4B0B5F178CF17500569D0C /* delete.png */ = {isa = PBXFileReference; lastKnownFileType = image.png; path = delete.png; sourceTree = "<group>"; };
		AD746250178B830300090DD3 /* no_picture.png */ = {isa = PBXFileReference; lastKnownFileType = image.png; path = no_picture.png; sourceTree = "<group>"; };
		AD746252178B8A1A00090DD3 /* TextViewController.h */ = {isa = PBXFileReference; fileEncoding = 4; lastKnownFileType = sourcecode.c.h; path = TextViewController.h; sourceTree = "<group>"; };
		AD746253178B8A1B00090DD3 /* TextViewController.m */ = {isa = PBXFileReference; fileEncoding = 4; lastKnownFileType = sourcecode.c.objc; path = TextViewController.m; sourceTree = "<group>"; };
		AD755079175E348600FBD43C /* Piccolo.app */ = {isa = PBXFileReference; explicitFileType = wrapper.application; includeInIndex = 0; path = Piccolo.app; sourceTree = BUILT_PRODUCTS_DIR; };
		AD75507C175E348600FBD43C /* UIKit.framework */ = {isa = PBXFileReference; lastKnownFileType = wrapper.framework; name = UIKit.framework; path = System/Library/Frameworks/UIKit.framework; sourceTree = SDKROOT; };
		AD75507E175E348600FBD43C /* Foundation.framework */ = {isa = PBXFileReference; lastKnownFileType = wrapper.framework; name = Foundation.framework; path = System/Library/Frameworks/Foundation.framework; sourceTree = SDKROOT; };
		AD755080175E348600FBD43C /* CoreGraphics.framework */ = {isa = PBXFileReference; lastKnownFileType = wrapper.framework; name = CoreGraphics.framework; path = System/Library/Frameworks/CoreGraphics.framework; sourceTree = SDKROOT; };
		AD755084175E348600FBD43C /* Piccolo-Info.plist */ = {isa = PBXFileReference; lastKnownFileType = text.plist.xml; path = "Piccolo-Info.plist"; sourceTree = "<group>"; };
		AD755086175E348600FBD43C /* en */ = {isa = PBXFileReference; lastKnownFileType = text.plist.strings; name = en; path = en.lproj/InfoPlist.strings; sourceTree = "<group>"; };
		AD755088175E348600FBD43C /* main.m */ = {isa = PBXFileReference; lastKnownFileType = sourcecode.c.objc; path = main.m; sourceTree = "<group>"; };
		AD75508A175E348600FBD43C /* Piccolo-Prefix.pch */ = {isa = PBXFileReference; lastKnownFileType = sourcecode.c.h; path = "Piccolo-Prefix.pch"; sourceTree = "<group>"; };
		AD75508B175E348600FBD43C /* AppDelegate.h */ = {isa = PBXFileReference; lastKnownFileType = sourcecode.c.h; path = AppDelegate.h; sourceTree = "<group>"; };
		AD75508C175E348600FBD43C /* AppDelegate.m */ = {isa = PBXFileReference; lastKnownFileType = sourcecode.c.objc; path = AppDelegate.m; sourceTree = "<group>"; };
		AD75508E175E348600FBD43C /* Default.png */ = {isa = PBXFileReference; lastKnownFileType = image.png; path = Default.png; sourceTree = "<group>"; };
		AD755090175E348600FBD43C /* Default@2x.png */ = {isa = PBXFileReference; lastKnownFileType = image.png; path = "Default@2x.png"; sourceTree = "<group>"; };
		AD755092175E348600FBD43C /* Default-568h@2x.png */ = {isa = PBXFileReference; lastKnownFileType = image.png; path = "Default-568h@2x.png"; sourceTree = "<group>"; };
		AD755095175E348600FBD43C /* en */ = {isa = PBXFileReference; lastKnownFileType = file.storyboard; name = en; path = en.lproj/MainStoryboard.storyboard; sourceTree = "<group>"; };
		AD7550B2175E3C7700FBD43C /* Cocktails.png */ = {isa = PBXFileReference; lastKnownFileType = image.png; path = Cocktails.png; sourceTree = "<group>"; };
		AD7550B3175E3C7700FBD43C /* Cocktails@2X.png */ = {isa = PBXFileReference; lastKnownFileType = image.png; path = "Cocktails@2X.png"; sourceTree = "<group>"; };
		AD7550B6175E3FE400FBD43C /* Favorite.png */ = {isa = PBXFileReference; lastKnownFileType = image.png; path = Favorite.png; sourceTree = "<group>"; };
		AD7550B7175E3FE400FBD43C /* Favorite@2X.png */ = {isa = PBXFileReference; lastKnownFileType = image.png; path = "Favorite@2X.png"; sourceTree = "<group>"; };
		AD7550BB175E411F00FBD43C /* CocktailOfTheDay.png */ = {isa = PBXFileReference; lastKnownFileType = image.png; path = CocktailOfTheDay.png; sourceTree = "<group>"; };
		AD7550BC175E411F00FBD43C /* CocktailOfTheDay@2X.png */ = {isa = PBXFileReference; lastKnownFileType = image.png; path = "CocktailOfTheDay@2X.png"; sourceTree = "<group>"; };
		AD7550BF175E440100FBD43C /* User.png */ = {isa = PBXFileReference; lastKnownFileType = image.png; path = User.png; sourceTree = "<group>"; };
		AD7550C0175E440100FBD43C /* User@2X.png */ = {isa = PBXFileReference; lastKnownFileType = image.png; path = "User@2X.png"; sourceTree = "<group>"; };
		AD7550C3175E450800FBD43C /* search.png */ = {isa = PBXFileReference; lastKnownFileType = image.png; path = search.png; sourceTree = "<group>"; };
		AD7550C4175E450800FBD43C /* search@2X.png */ = {isa = PBXFileReference; lastKnownFileType = image.png; path = "search@2X.png"; sourceTree = "<group>"; };
		ADB8C08117672CCC00369584 /* star_empty.png */ = {isa = PBXFileReference; lastKnownFileType = image.png; path = star_empty.png; sourceTree = "<group>"; };
		ADB8C08217672CCC00369584 /* star_full.png */ = {isa = PBXFileReference; lastKnownFileType = image.png; path = star_full.png; sourceTree = "<group>"; };
		ADBB1A5D175F7D5500B465E1 /* CocktailTableViewController.h */ = {isa = PBXFileReference; fileEncoding = 4; lastKnownFileType = sourcecode.c.h; path = CocktailTableViewController.h; sourceTree = "<group>"; };
		ADBB1A5E175F7D5500B465E1 /* CocktailTableViewController.m */ = {isa = PBXFileReference; fileEncoding = 4; lastKnownFileType = sourcecode.c.objc; path = CocktailTableViewController.m; sourceTree = "<group>"; };
		ADBB1A60175F7D6F00B465E1 /* SearchTableViewController.h */ = {isa = PBXFileReference; fileEncoding = 4; lastKnownFileType = sourcecode.c.h; path = SearchTableViewController.h; sourceTree = "<group>"; };
		ADBB1A61175F7D6F00B465E1 /* SearchTableViewController.m */ = {isa = PBXFileReference; fileEncoding = 4; lastKnownFileType = sourcecode.c.objc; path = SearchTableViewController.m; sourceTree = "<group>"; };
		ADBB1A63175F7D9900B465E1 /* FavoriteTableViewController.h */ = {isa = PBXFileReference; fileEncoding = 4; lastKnownFileType = sourcecode.c.h; path = FavoriteTableViewController.h; sourceTree = "<group>"; };
		ADBB1A64175F7D9900B465E1 /* FavoriteTableViewController.m */ = {isa = PBXFileReference; fileEncoding = 4; lastKnownFileType = sourcecode.c.objc; path = FavoriteTableViewController.m; sourceTree = "<group>"; };
		ADBB1A6A175F84F900B465E1 /* Cocktail.h */ = {isa = PBXFileReference; fileEncoding = 4; lastKnownFileType = sourcecode.c.h; path = Cocktail.h; sourceTree = "<group>"; };
		ADBB1A6B175F84F900B465E1 /* Cocktail.m */ = {isa = PBXFileReference; fileEncoding = 4; lastKnownFileType = sourcecode.c.objc; path = Cocktail.m; sourceTree = "<group>"; };
		ADBB1A6D175F86CA00B465E1 /* User.h */ = {isa = PBXFileReference; fileEncoding = 4; lastKnownFileType = sourcecode.c.h; path = User.h; sourceTree = "<group>"; };
		ADBB1A6E175F86CA00B465E1 /* User.m */ = {isa = PBXFileReference; fileEncoding = 4; lastKnownFileType = sourcecode.c.objc; path = User.m; sourceTree = "<group>"; };
		ADBB1A70176087C200B465E1 /* Ingredient.h */ = {isa = PBXFileReference; fileEncoding = 4; lastKnownFileType = sourcecode.c.h; path = Ingredient.h; sourceTree = "<group>"; };
		ADBB1A71176087C200B465E1 /* Ingredient.m */ = {isa = PBXFileReference; fileEncoding = 4; lastKnownFileType = sourcecode.c.objc; path = Ingredient.m; sourceTree = "<group>"; };
		ADBB1A741760921B00B465E1 /* mojito.jpg */ = {isa = PBXFileReference; lastKnownFileType = image.jpeg; path = mojito.jpg; sourceTree = "<group>"; };
		ADBB1A761760BA8200B465E1 /* FilterTableViewController.h */ = {isa = PBXFileReference; fileEncoding = 4; lastKnownFileType = sourcecode.c.h; path = FilterTableViewController.h; sourceTree = "<group>"; };
		ADBB1A771760BA8200B465E1 /* FilterTableViewController.m */ = {isa = PBXFileReference; fileEncoding = 4; lastKnownFileType = sourcecode.c.objc; path = FilterTableViewController.m; sourceTree = "<group>"; };
		ADBB1A7A1760C4F700B465E1 /* DifficultyDelegate.h */ = {isa = PBXFileReference; fileEncoding = 4; lastKnownFileType = sourcecode.c.h; path = DifficultyDelegate.h; sourceTree = "<group>"; };
		ADBB1A7B1760C4F700B465E1 /* DifficultyDelegate.m */ = {isa = PBXFileReference; fileEncoding = 4; lastKnownFileType = sourcecode.c.objc; path = DifficultyDelegate.m; sourceTree = "<group>"; };
		ADBB1A7D1760C56300B465E1 /* OriginalityDelegate.h */ = {isa = PBXFileReference; fileEncoding = 4; lastKnownFileType = sourcecode.c.h; path = OriginalityDelegate.h; sourceTree = "<group>"; };
		ADBB1A7E1760C56300B465E1 /* OriginalityDelegate.m */ = {isa = PBXFileReference; fileEncoding = 4; lastKnownFileType = sourcecode.c.objc; path = OriginalityDelegate.m; sourceTree = "<group>"; };
		ADBB1A801760E7AE00B465E1 /* TabBarController.h */ = {isa = PBXFileReference; fileEncoding = 4; lastKnownFileType = sourcecode.c.h; path = TabBarController.h; sourceTree = "<group>"; };
		ADBB1A811760E7AE00B465E1 /* TabBarController.m */ = {isa = PBXFileReference; fileEncoding = 4; lastKnownFileType = sourcecode.c.objc; path = TabBarController.m; sourceTree = "<group>"; };
		ADBB1A881760F4B900B465E1 /* CocktailCell.h */ = {isa = PBXFileReference; fileEncoding = 4; lastKnownFileType = sourcecode.c.h; path = CocktailCell.h; sourceTree = "<group>"; };
		ADBB1A891760F4B900B465E1 /* CocktailCell.m */ = {isa = PBXFileReference; fileEncoding = 4; lastKnownFileType = sourcecode.c.objc; path = CocktailCell.m; sourceTree = "<group>"; };
		ADBB1A8F1761D94400B465E1 /* Defines.h */ = {isa = PBXFileReference; lastKnownFileType = sourcecode.c.h; path = Defines.h; sourceTree = "<group>"; };
		ADC643F7178A104300AD463D /* CocktailsByIngredientTableViewController.h */ = {isa = PBXFileReference; fileEncoding = 4; lastKnownFileType = sourcecode.c.h; path = CocktailsByIngredientTableViewController.h; sourceTree = "<group>"; };
		ADC643F8178A104300AD463D /* CocktailsByIngredientTableViewController.m */ = {isa = PBXFileReference; fileEncoding = 4; lastKnownFileType = sourcecode.c.objc; path = CocktailsByIngredientTableViewController.m; sourceTree = "<group>"; };
		ADC643FD178A3DEC00AD463D /* AddCocktailTableViewController.h */ = {isa = PBXFileReference; fileEncoding = 4; lastKnownFileType = sourcecode.c.h; path = AddCocktailTableViewController.h; sourceTree = "<group>"; };
		ADC643FE178A3DEC00AD463D /* AddCocktailTableViewController.m */ = {isa = PBXFileReference; fileEncoding = 4; lastKnownFileType = sourcecode.c.objc; path = AddCocktailTableViewController.m; sourceTree = "<group>"; };
		ADC64400178A49F300AD463D /* CocktailAttributesViewController.h */ = {isa = PBXFileReference; fileEncoding = 4; lastKnownFileType = sourcecode.c.h; path = CocktailAttributesViewController.h; sourceTree = "<group>"; };
		ADC64401178A49F300AD463D /* CocktailAttributesViewController.m */ = {isa = PBXFileReference; fileEncoding = 4; lastKnownFileType = sourcecode.c.objc; path = CocktailAttributesViewController.m; sourceTree = "<group>"; };
		ADCBAF1B1767792C004782EC /* RequestHandler.h */ = {isa = PBXFileReference; fileEncoding = 4; lastKnownFileType = sourcecode.c.h; name = RequestHandler.h; path = Piccolo/RequestHandler.h; sourceTree = "<group>"; };
		ADCBAF1C1767792C004782EC /* RequestHandler.m */ = {isa = PBXFileReference; fileEncoding = 4; lastKnownFileType = sourcecode.c.objc; name = RequestHandler.m; path = Piccolo/RequestHandler.m; sourceTree = "<group>"; };
		ADCBAF1E176779AC004782EC /* CocktailRequest.h */ = {isa = PBXFileReference; fileEncoding = 4; lastKnownFileType = sourcecode.c.h; name = CocktailRequest.h; path = Piccolo/CocktailRequest.h; sourceTree = "<group>"; };
		ADCBAF1F176779AC004782EC /* CocktailRequest.m */ = {isa = PBXFileReference; fileEncoding = 4; lastKnownFileType = sourcecode.c.objc; name = CocktailRequest.m; path = Piccolo/CocktailRequest.m; sourceTree = "<group>"; };
		ADCBAF21176779D1004782EC /* IngredientRequest.h */ = {isa = PBXFileReference; fileEncoding = 4; lastKnownFileType = sourcecode.c.h; name = IngredientRequest.h; path = Piccolo/IngredientRequest.h; sourceTree = "<group>"; };
		ADCBAF22176779D1004782EC /* IngredientRequest.m */ = {isa = PBXFileReference; fileEncoding = 4; lastKnownFileType = sourcecode.c.objc; name = IngredientRequest.m; path = Piccolo/IngredientRequest.m; sourceTree = "<group>"; };
		ADCD0FFC17661BC000986A7D /* account_cocktail.png */ = {isa = PBXFileReference; lastKnownFileType = image.png; path = account_cocktail.png; sourceTree = "<group>"; };
		ADDDDE6E1788C3DB00B541B4 /* CocktailViewController.h */ = {isa = PBXFileReference; fileEncoding = 4; lastKnownFileType = sourcecode.c.h; path = CocktailViewController.h; sourceTree = "<group>"; };
		ADDDDE6F1788C3DB00B541B4 /* CocktailViewController.m */ = {isa = PBXFileReference; fileEncoding = 4; lastKnownFileType = sourcecode.c.objc; path = CocktailViewController.m; sourceTree = "<group>"; };
		ADDDDE771788D43000B541B4 /* login_cocktails.png */ = {isa = PBXFileReference; lastKnownFileType = image.png; path = login_cocktails.png; sourceTree = "<group>"; };
		ADDDDE791788E0BF00B541B4 /* UserRequest.h */ = {isa = PBXFileReference; fileEncoding = 4; lastKnownFileType = sourcecode.c.h; path = UserRequest.h; sourceTree = "<group>"; };
		ADDDDE7A1788E0BF00B541B4 /* UserRequest.m */ = {isa = PBXFileReference; fileEncoding = 4; lastKnownFileType = sourcecode.c.objc; path = UserRequest.m; sourceTree = "<group>"; };
		ADE8179B1765C38000D49DC7 /* LoginViewController.h */ = {isa = PBXFileReference; fileEncoding = 4; lastKnownFileType = sourcecode.c.h; path = LoginViewController.h; sourceTree = "<group>"; };
		ADE8179C1765C38000D49DC7 /* LoginViewController.m */ = {isa = PBXFileReference; fileEncoding = 4; lastKnownFileType = sourcecode.c.objc; path = LoginViewController.m; sourceTree = "<group>"; };
		ADE817A11765C5F900D49DC7 /* LoggedViewController.h */ = {isa = PBXFileReference; fileEncoding = 4; lastKnownFileType = sourcecode.c.h; path = LoggedViewController.h; sourceTree = "<group>"; };
		ADE817A21765C5F900D49DC7 /* LoggedViewController.m */ = {isa = PBXFileReference; fileEncoding = 4; lastKnownFileType = sourcecode.c.objc; path = LoggedViewController.m; sourceTree = "<group>"; };
		ADE817A41765C6BF00D49DC7 /* RegisterTableViewController.h */ = {isa = PBXFileReference; fileEncoding = 4; lastKnownFileType = sourcecode.c.h; path = RegisterTableViewController.h; sourceTree = "<group>"; };
		ADE817A51765C6BF00D49DC7 /* RegisterTableViewController.m */ = {isa = PBXFileReference; fileEncoding = 4; lastKnownFileType = sourcecode.c.objc; path = RegisterTableViewController.m; sourceTree = "<group>"; };
/* End PBXFileReference section */

/* Begin PBXFrameworksBuildPhase section */
		AD755076175E348600FBD43C /* Frameworks */ = {
			isa = PBXFrameworksBuildPhase;
			buildActionMask = 2147483647;
			files = (
				AD75507D175E348600FBD43C /* UIKit.framework in Frameworks */,
				AD75507F175E348600FBD43C /* Foundation.framework in Frameworks */,
				AD755081175E348600FBD43C /* CoreGraphics.framework in Frameworks */,
			);
			runOnlyForDeploymentPostprocessing = 0;
		};
/* End PBXFrameworksBuildPhase section */

/* Begin PBXGroup section */
		AD392EED1764838F00D38E22 /* Tools */ = {
			isa = PBXGroup;
			children = (
				AD392EEA1764838A00D38E22 /* Tools.h */,
				AD392EEB1764838A00D38E22 /* Tools.m */,
			);
			name = Tools;
			sourceTree = "<group>";
		};
		AD755070175E348600FBD43C = {
			isa = PBXGroup;
			children = (
				AD755082175E348600FBD43C /* Piccolo */,
				AD75507B175E348600FBD43C /* Frameworks */,
				AD75507A175E348600FBD43C /* Products */,
			);
			sourceTree = "<group>";
		};
		AD75507A175E348600FBD43C /* Products */ = {
			isa = PBXGroup;
			children = (
				AD755079175E348600FBD43C /* Piccolo.app */,
			);
			name = Products;
			sourceTree = "<group>";
		};
		AD75507B175E348600FBD43C /* Frameworks */ = {
			isa = PBXGroup;
			children = (
				AD75507C175E348600FBD43C /* UIKit.framework */,
				AD75507E175E348600FBD43C /* Foundation.framework */,
				AD755080175E348600FBD43C /* CoreGraphics.framework */,
			);
			name = Frameworks;
			sourceTree = "<group>";
		};
		AD755082175E348600FBD43C /* Piccolo */ = {
			isa = PBXGroup;
			children = (
				ADCD0FFC17661BC000986A7D /* account_cocktail.png */,
				ADBB1A8E1761D92E00B465E1 /* Tools */,
				ADBB1A871760F49300B465E1 /* Cells */,
				ADBB1A831760F2CD00B465E1 /* RequestHandler */,
				ADBB1A73176091FE00B465E1 /* sample */,
				AD392EED1764838F00D38E22 /* Tools */,
				ADBB1A69175F844900B465E1 /* Models */,
				ADBB1A56175F7CBE00B465E1 /* Controllers */,
				AD7550BA175E3FEA00FBD43C /* icons */,
				AD75508B175E348600FBD43C /* AppDelegate.h */,
				AD75508C175E348600FBD43C /* AppDelegate.m */,
				AD755094175E348600FBD43C /* MainStoryboard.storyboard */,
				AD755083175E348600FBD43C /* Supporting Files */,
			);
			path = Piccolo;
			sourceTree = "<group>";
		};
		AD755083175E348600FBD43C /* Supporting Files */ = {
			isa = PBXGroup;
			children = (
				AD755084175E348600FBD43C /* Piccolo-Info.plist */,
				AD755085175E348600FBD43C /* InfoPlist.strings */,
				AD755088175E348600FBD43C /* main.m */,
				AD75508A175E348600FBD43C /* Piccolo-Prefix.pch */,
				AD75508E175E348600FBD43C /* Default.png */,
				AD755090175E348600FBD43C /* Default@2x.png */,
				AD755092175E348600FBD43C /* Default-568h@2x.png */,
			);
			name = "Supporting Files";
			sourceTree = "<group>";
		};
		AD7550BA175E3FEA00FBD43C /* icons */ = {
			isa = PBXGroup;
			children = (
				AD4B0B5F178CF17500569D0C /* delete.png */,
				AD746250178B830300090DD3 /* no_picture.png */,
				ADDDDE771788D43000B541B4 /* login_cocktails.png */,
				ADB8C08117672CCC00369584 /* star_empty.png */,
				ADB8C08217672CCC00369584 /* star_full.png */,
				AD7550C3175E450800FBD43C /* search.png */,
				AD7550C4175E450800FBD43C /* search@2X.png */,
				AD7550BF175E440100FBD43C /* User.png */,
				AD7550C0175E440100FBD43C /* User@2X.png */,
				AD7550BB175E411F00FBD43C /* CocktailOfTheDay.png */,
				AD7550BC175E411F00FBD43C /* CocktailOfTheDay@2X.png */,
				AD7550B6175E3FE400FBD43C /* Favorite.png */,
				AD7550B7175E3FE400FBD43C /* Favorite@2X.png */,
				AD7550B2175E3C7700FBD43C /* Cocktails.png */,
				AD7550B3175E3C7700FBD43C /* Cocktails@2X.png */,
			);
			name = icons;
			sourceTree = "<group>";
		};
		ADB8C07C1767268000369584 /* Cocktails */ = {
			isa = PBXGroup;
			children = (
				ADBB1A5D175F7D5500B465E1 /* CocktailTableViewController.h */,
				ADBB1A5E175F7D5500B465E1 /* CocktailTableViewController.m */,
				ADBB1A761760BA8200B465E1 /* FilterTableViewController.h */,
				ADBB1A771760BA8200B465E1 /* FilterTableViewController.m */,
				ADC643FD178A3DEC00AD463D /* AddCocktailTableViewController.h */,
				ADC643FE178A3DEC00AD463D /* AddCocktailTableViewController.m */,
				ADC64400178A49F300AD463D /* CocktailAttributesViewController.h */,
				ADC64401178A49F300AD463D /* CocktailAttributesViewController.m */,
				AD746252178B8A1A00090DD3 /* TextViewController.h */,
				AD746253178B8A1B00090DD3 /* TextViewController.m */,
			);
			name = Cocktails;
			sourceTree = "<group>";
		};
		ADB8C07D176726AE00369584 /* Favorites */ = {
			isa = PBXGroup;
			children = (
				ADBB1A63175F7D9900B465E1 /* FavoriteTableViewController.h */,
				ADBB1A64175F7D9900B465E1 /* FavoriteTableViewController.m */,
			);
			name = Favorites;
			sourceTree = "<group>";
		};
		ADB8C07E176726B700369584 /* Search */ = {
			isa = PBXGroup;
			children = (
				ADBB1A60175F7D6F00B465E1 /* SearchTableViewController.h */,
				ADBB1A61175F7D6F00B465E1 /* SearchTableViewController.m */,
				ADC643F7178A104300AD463D /* CocktailsByIngredientTableViewController.h */,
				ADC643F8178A104300AD463D /* CocktailsByIngredientTableViewController.m */,
			);
			name = Search;
			sourceTree = "<group>";
		};
		ADBB1A56175F7CBE00B465E1 /* Controllers */ = {
			isa = PBXGroup;
			children = (
				ADBB1A791760C49B00B465E1 /* Delegates */,
				ADDDDE6E1788C3DB00B541B4 /* CocktailViewController.h */,
				ADDDDE6F1788C3DB00B541B4 /* CocktailViewController.m */,
				ADB8C07E176726B700369584 /* Search */,
				ADB8C07D176726AE00369584 /* Favorites */,
				ADB8C07C1767268000369584 /* Cocktails */,
				ADCD0FFE17666D6400986A7D /* Authentification */,
				ADBB1A801760E7AE00B465E1 /* TabBarController.h */,
				ADBB1A811760E7AE00B465E1 /* TabBarController.m */,
			);
			name = Controllers;
			sourceTree = "<group>";
		};
		ADBB1A69175F844900B465E1 /* Models */ = {
			isa = PBXGroup;
			children = (
				ADBB1A6A175F84F900B465E1 /* Cocktail.h */,
				ADBB1A6B175F84F900B465E1 /* Cocktail.m */,
				ADBB1A6D175F86CA00B465E1 /* User.h */,
				ADBB1A6E175F86CA00B465E1 /* User.m */,
				ADBB1A70176087C200B465E1 /* Ingredient.h */,
				ADBB1A71176087C200B465E1 /* Ingredient.m */,
			);
			name = Models;
			sourceTree = "<group>";
		};
		ADBB1A73176091FE00B465E1 /* sample */ = {
			isa = PBXGroup;
			children = (
				ADBB1A741760921B00B465E1 /* mojito.jpg */,
			);
			name = sample;
			sourceTree = "<group>";
		};
		ADBB1A791760C49B00B465E1 /* Delegates */ = {
			isa = PBXGroup;
			children = (
				ADBB1A7A1760C4F700B465E1 /* DifficultyDelegate.h */,
				ADBB1A7B1760C4F700B465E1 /* DifficultyDelegate.m */,
				ADBB1A7D1760C56300B465E1 /* OriginalityDelegate.h */,
				ADBB1A7E1760C56300B465E1 /* OriginalityDelegate.m */,
				AD392EEE1764C0DB00D38E22 /* CountDownDelegate.h */,
				AD392EEF1764C0DB00D38E22 /* CountDownDelegate.m */,
			);
			name = Delegates;
			sourceTree = "<group>";
		};
		ADBB1A831760F2CD00B465E1 /* RequestHandler */ = {
			isa = PBXGroup;
			children = (
				ADCBAF1B1767792C004782EC /* RequestHandler.h */,
				ADCBAF1C1767792C004782EC /* RequestHandler.m */,
				ADCBAF1E176779AC004782EC /* CocktailRequest.h */,
				ADCBAF1F176779AC004782EC /* CocktailRequest.m */,
				ADCBAF21176779D1004782EC /* IngredientRequest.h */,
				ADCBAF22176779D1004782EC /* IngredientRequest.m */,
				ADDDDE791788E0BF00B541B4 /* UserRequest.h */,
				ADDDDE7A1788E0BF00B541B4 /* UserRequest.m */,
			);
			name = RequestHandler;
			path = ..;
			sourceTree = "<group>";
		};
		ADBB1A871760F49300B465E1 /* Cells */ = {
			isa = PBXGroup;
			children = (
				ADBB1A881760F4B900B465E1 /* CocktailCell.h */,
				ADBB1A891760F4B900B465E1 /* CocktailCell.m */,
			);
			name = Cells;
			sourceTree = "<group>";
		};
		ADBB1A8E1761D92E00B465E1 /* Tools */ = {
			isa = PBXGroup;
			children = (
				ADBB1A8F1761D94400B465E1 /* Defines.h */,
			);
			name = Tools;
			sourceTree = "<group>";
		};
		ADCD0FFE17666D6400986A7D /* Authentification */ = {
			isa = PBXGroup;
			children = (
				ADE8179B1765C38000D49DC7 /* LoginViewController.h */,
				ADE8179C1765C38000D49DC7 /* LoginViewController.m */,
				ADE817A11765C5F900D49DC7 /* LoggedViewController.h */,
				ADE817A21765C5F900D49DC7 /* LoggedViewController.m */,
				ADE817A41765C6BF00D49DC7 /* RegisterTableViewController.h */,
				ADE817A51765C6BF00D49DC7 /* RegisterTableViewController.m */,
			);
			name = Authentification;
			sourceTree = "<group>";
		};
/* End PBXGroup section */

/* Begin PBXNativeTarget section */
		AD755078175E348600FBD43C /* Piccolo */ = {
			isa = PBXNativeTarget;
			buildConfigurationList = AD7550A7175E348600FBD43C /* Build configuration list for PBXNativeTarget "Piccolo" */;
			buildPhases = (
				AD755075175E348600FBD43C /* Sources */,
				AD755076175E348600FBD43C /* Frameworks */,
				AD755077175E348600FBD43C /* Resources */,
			);
			buildRules = (
			);
			dependencies = (
			);
			name = Piccolo;
			productName = Piccolo;
			productReference = AD755079175E348600FBD43C /* Piccolo.app */;
			productType = "com.apple.product-type.application";
		};
/* End PBXNativeTarget section */

/* Begin PBXProject section */
		AD755071175E348600FBD43C /* Project object */ = {
			isa = PBXProject;
			attributes = {
				LastUpgradeCheck = 0460;
				ORGANIZATIONNAME = "Salty Soft";
			};
			buildConfigurationList = AD755074175E348600FBD43C /* Build configuration list for PBXProject "Piccolo" */;
			compatibilityVersion = "Xcode 3.2";
			developmentRegion = English;
			hasScannedForEncodings = 0;
			knownRegions = (
				en,
			);
			mainGroup = AD755070175E348600FBD43C;
			productRefGroup = AD75507A175E348600FBD43C /* Products */;
			projectDirPath = "";
			projectRoot = "";
			targets = (
				AD755078175E348600FBD43C /* Piccolo */,
			);
		};
/* End PBXProject section */

/* Begin PBXResourcesBuildPhase section */
		AD755077175E348600FBD43C /* Resources */ = {
			isa = PBXResourcesBuildPhase;
			buildActionMask = 2147483647;
			files = (
				AD755087175E348600FBD43C /* InfoPlist.strings in Resources */,
				AD75508F175E348600FBD43C /* Default.png in Resources */,
				AD755091175E348600FBD43C /* Default@2x.png in Resources */,
				AD755093175E348600FBD43C /* Default-568h@2x.png in Resources */,
				AD755096175E348600FBD43C /* MainStoryboard.storyboard in Resources */,
				AD7550B4175E3C7700FBD43C /* Cocktails.png in Resources */,
				AD7550B5175E3C7700FBD43C /* Cocktails@2X.png in Resources */,
				AD7550B8175E3FE400FBD43C /* Favorite.png in Resources */,
				AD7550B9175E3FE400FBD43C /* Favorite@2X.png in Resources */,
				AD7550BD175E411F00FBD43C /* CocktailOfTheDay.png in Resources */,
				AD7550BE175E411F00FBD43C /* CocktailOfTheDay@2X.png in Resources */,
				AD7550C1175E440100FBD43C /* User.png in Resources */,
				AD7550C2175E440100FBD43C /* User@2X.png in Resources */,
				AD7550C5175E450800FBD43C /* search.png in Resources */,
				AD7550C6175E450800FBD43C /* search@2X.png in Resources */,
				ADBB1A751760921B00B465E1 /* mojito.jpg in Resources */,
				ADCD0FFD17661BC000986A7D /* account_cocktail.png in Resources */,
				ADB8C08317672CCC00369584 /* star_empty.png in Resources */,
				ADB8C08417672CCC00369584 /* star_full.png in Resources */,
				ADDDDE781788D43000B541B4 /* login_cocktails.png in Resources */,
				AD746251178B830300090DD3 /* no_picture.png in Resources */,
				AD4B0B60178CF17500569D0C /* delete.png in Resources */,
			);
			runOnlyForDeploymentPostprocessing = 0;
		};
/* End PBXResourcesBuildPhase section */

/* Begin PBXSourcesBuildPhase section */
		AD755075175E348600FBD43C /* Sources */ = {
			isa = PBXSourcesBuildPhase;
			buildActionMask = 2147483647;
			files = (
				AD755089175E348600FBD43C /* main.m in Sources */,
				AD75508D175E348600FBD43C /* AppDelegate.m in Sources */,
				ADBB1A5F175F7D5500B465E1 /* CocktailTableViewController.m in Sources */,
				ADBB1A62175F7D6F00B465E1 /* SearchTableViewController.m in Sources */,
				ADBB1A65175F7D9900B465E1 /* FavoriteTableViewController.m in Sources */,
				ADBB1A6C175F84F900B465E1 /* Cocktail.m in Sources */,
				ADBB1A6F175F86CA00B465E1 /* User.m in Sources */,
				ADBB1A72176087C200B465E1 /* Ingredient.m in Sources */,
				ADBB1A781760BA8200B465E1 /* FilterTableViewController.m in Sources */,
				ADBB1A7C1760C4F700B465E1 /* DifficultyDelegate.m in Sources */,
				ADBB1A7F1760C56300B465E1 /* OriginalityDelegate.m in Sources */,
				ADBB1A821760E7AE00B465E1 /* TabBarController.m in Sources */,
				ADBB1A8A1760F4B900B465E1 /* CocktailCell.m in Sources */,
				AD392EEC1764838A00D38E22 /* Tools.m in Sources */,
				AD392EF01764C0DB00D38E22 /* CountDownDelegate.m in Sources */,
				ADE8179D1765C38000D49DC7 /* LoginViewController.m in Sources */,
				ADE817A31765C5F900D49DC7 /* LoggedViewController.m in Sources */,
				ADE817A61765C6BF00D49DC7 /* RegisterTableViewController.m in Sources */,
				ADCBAF1D1767792D004782EC /* RequestHandler.m in Sources */,
				ADCBAF20176779AC004782EC /* CocktailRequest.m in Sources */,
				ADCBAF23176779D1004782EC /* IngredientRequest.m in Sources */,
				ADDDDE701788C3DB00B541B4 /* CocktailViewController.m in Sources */,
				ADDDDE7B1788E0BF00B541B4 /* UserRequest.m in Sources */,
				ADC643F9178A104300AD463D /* CocktailsByIngredientTableViewController.m in Sources */,
				ADC643FF178A3DEC00AD463D /* AddCocktailTableViewController.m in Sources */,
				ADC64402178A49F400AD463D /* CocktailAttributesViewController.m in Sources */,
				AD746254178B8A1B00090DD3 /* TextViewController.m in Sources */,
			);
			runOnlyForDeploymentPostprocessing = 0;
		};
/* End PBXSourcesBuildPhase section */

/* Begin PBXVariantGroup section */
		AD755085175E348600FBD43C /* InfoPlist.strings */ = {
			isa = PBXVariantGroup;
			children = (
				AD755086175E348600FBD43C /* en */,
			);
			name = InfoPlist.strings;
			sourceTree = "<group>";
		};
		AD755094175E348600FBD43C /* MainStoryboard.storyboard */ = {
			isa = PBXVariantGroup;
			children = (
				AD755095175E348600FBD43C /* en */,
			);
			name = MainStoryboard.storyboard;
			sourceTree = "<group>";
		};
/* End PBXVariantGroup section */

/* Begin XCBuildConfiguration section */
		AD7550A5175E348600FBD43C /* Debug */ = {
			isa = XCBuildConfiguration;
			buildSettings = {
				ALWAYS_SEARCH_USER_PATHS = NO;
				CLANG_CXX_LANGUAGE_STANDARD = "gnu++0x";
				CLANG_CXX_LIBRARY = "libc++";
				CLANG_ENABLE_OBJC_ARC = YES;
				CLANG_WARN_CONSTANT_CONVERSION = YES;
				CLANG_WARN_EMPTY_BODY = YES;
				CLANG_WARN_ENUM_CONVERSION = YES;
				CLANG_WARN_INT_CONVERSION = YES;
				CLANG_WARN__DUPLICATE_METHOD_MATCH = YES;
				"CODE_SIGN_IDENTITY[sdk=iphoneos*]" = "iPhone Developer";
				COPY_PHASE_STRIP = NO;
				GCC_C_LANGUAGE_STANDARD = gnu99;
				GCC_DYNAMIC_NO_PIC = NO;
				GCC_OPTIMIZATION_LEVEL = 0;
				GCC_PREPROCESSOR_DEFINITIONS = (
					"DEBUG=1",
					"$(inherited)",
				);
				GCC_SYMBOLS_PRIVATE_EXTERN = NO;
				GCC_WARN_ABOUT_RETURN_TYPE = YES;
				GCC_WARN_UNINITIALIZED_AUTOS = YES;
				GCC_WARN_UNUSED_VARIABLE = YES;
				IPHONEOS_DEPLOYMENT_TARGET = 6.1;
				ONLY_ACTIVE_ARCH = YES;
				SDKROOT = iphoneos;
			};
			name = Debug;
		};
		AD7550A6175E348600FBD43C /* Release */ = {
			isa = XCBuildConfiguration;
			buildSettings = {
				ALWAYS_SEARCH_USER_PATHS = NO;
				CLANG_CXX_LANGUAGE_STANDARD = "gnu++0x";
				CLANG_CXX_LIBRARY = "libc++";
				CLANG_ENABLE_OBJC_ARC = YES;
				CLANG_WARN_CONSTANT_CONVERSION = YES;
				CLANG_WARN_EMPTY_BODY = YES;
				CLANG_WARN_ENUM_CONVERSION = YES;
				CLANG_WARN_INT_CONVERSION = YES;
				CLANG_WARN__DUPLICATE_METHOD_MATCH = YES;
				"CODE_SIGN_IDENTITY[sdk=iphoneos*]" = "iPhone Developer";
				COPY_PHASE_STRIP = YES;
				GCC_C_LANGUAGE_STANDARD = gnu99;
				GCC_WARN_ABOUT_RETURN_TYPE = YES;
				GCC_WARN_UNINITIALIZED_AUTOS = YES;
				GCC_WARN_UNUSED_VARIABLE = YES;
				IPHONEOS_DEPLOYMENT_TARGET = 6.1;
				OTHER_CFLAGS = "-DNS_BLOCK_ASSERTIONS=1";
				SDKROOT = iphoneos;
				VALIDATE_PRODUCT = YES;
			};
			name = Release;
		};
		AD7550A8175E348600FBD43C /* Debug */ = {
			isa = XCBuildConfiguration;
			buildSettings = {
				GCC_PRECOMPILE_PREFIX_HEADER = YES;
				GCC_PREFIX_HEADER = "Piccolo/Piccolo-Prefix.pch";
				INFOPLIST_FILE = "Piccolo/Piccolo-Info.plist";
				PRODUCT_NAME = "$(TARGET_NAME)";
				WRAPPER_EXTENSION = app;
			};
			name = Debug;
		};
		AD7550A9175E348600FBD43C /* Release */ = {
			isa = XCBuildConfiguration;
			buildSettings = {
				GCC_PRECOMPILE_PREFIX_HEADER = YES;
				GCC_PREFIX_HEADER = "Piccolo/Piccolo-Prefix.pch";
				INFOPLIST_FILE = "Piccolo/Piccolo-Info.plist";
				PRODUCT_NAME = "$(TARGET_NAME)";
				WRAPPER_EXTENSION = app;
			};
			name = Release;
		};
/* End XCBuildConfiguration section */

/* Begin XCConfigurationList section */
		AD755074175E348600FBD43C /* Build configuration list for PBXProject "Piccolo" */ = {
			isa = XCConfigurationList;
			buildConfigurations = (
				AD7550A5175E348600FBD43C /* Debug */,
				AD7550A6175E348600FBD43C /* Release */,
			);
			defaultConfigurationIsVisible = 0;
			defaultConfigurationName = Release;
		};
		AD7550A7175E348600FBD43C /* Build configuration list for PBXNativeTarget "Piccolo" */ = {
			isa = XCConfigurationList;
			buildConfigurations = (
				AD7550A8175E348600FBD43C /* Debug */,
				AD7550A9175E348600FBD43C /* Release */,
			);
			defaultConfigurationIsVisible = 0;
			defaultConfigurationName = Release;
		};
/* End XCConfigurationList section */
	};
	rootObject = AD755071175E348600FBD43C /* Project object */;
}
